
Microsoft Visual Studio Solution File, Format Version 12.00
# Visual Studio Version 17
VisualStudioVersion = 17.6.33815.320
MinimumVisualStudioVersion = 10.0.40219.1
Project("{FAE04EC0-301F-11D3-BF4B-00C04F79EFBC}") = "SocialNetwork", "SocialNetwork\SocialNetwork.csproj", "{6CA64E3B-13F4-4DDC-9B79-04C1EE6EC2AD}"
EndProject
Global
	GlobalSection(SolutionConfigurationPlatforms) = preSolution
		Debug|Any CPU = Debug|Any CPU
		Release|Any CPU = Release|Any CPU
	EndGlobalSection
	GlobalSection(ProjectConfigurationPlatforms) = postSolution
		{6CA64E3B-13F4-4DDC-9B79-04C1EE6EC2AD}.Debug|Any CPU.ActiveCfg = Debug|Any CPU
		{6CA64E3B-13F4-4DDC-9B79-04C1EE6EC2AD}.Debug|Any CPU.Build.0 = Debug|Any CPU
		{6CA64E3B-13F4-4DDC-9B79-04C1EE6EC2AD}.Release|Any CPU.ActiveCfg = Release|Any CPU
		{6CA64E3B-13F4-4DDC-9B79-04C1EE6EC2AD}.Release|Any CPU.Build.0 = Release|Any CPU
	EndGlobalSection
	GlobalSection(SolutionProperties) = preSolution
		HideSolutionNode = FALSE
	EndGlobalSection
	GlobalSection(ExtensibilityGlobals) = postSolution
		SolutionGuid = {7522F8BB-FD47-4D3B-B9B2-FAB785440C45}
	EndGlobalSection
EndGlobal
